
Microsoft Visual Studio Solution File, Format Version 12.00
# Visual Studio Version 16
VisualStudioVersion = 16.0.31613.86
MinimumVisualStudioVersion = 10.0.40219.1
Project("{FAE04EC0-301F-11D3-BF4B-00C04F79EFBC}") = "WebAPI", "Day4.WebAPI\WebAPI.csproj", "{2CAA3C90-A236-4F5F-BB1C-6EC98580571C}"
EndProject
Project("{FAE04EC0-301F-11D3-BF4B-00C04F79EFBC}") = "Model", "Model\Model.csproj", "{318A3566-2B58-403E-BECC-390754408DCD}"
EndProject
Project("{FAE04EC0-301F-11D3-BF4B-00C04F79EFBC}") = "Model.Common", "Model.Common\Model.Common.csproj", "{FEF7D278-EF41-4333-8250-EB959B44D3EB}"
EndProject
Project("{FAE04EC0-301F-11D3-BF4B-00C04F79EFBC}") = "Service", "Service\Service.csproj", "{952D7333-7468-4E35-96A1-9FB638AD58B1}"
EndProject
Project("{FAE04EC0-301F-11D3-BF4B-00C04F79EFBC}") = "Service.Common", "Service.Common\Service.Common.csproj", "{7D614BA1-DDCE-42D5-BAAF-92F139BEF82D}"
EndProject
Project("{FAE04EC0-301F-11D3-BF4B-00C04F79EFBC}") = "Repository", "Repository\Repository.csproj", "{30E0D0D3-AF38-44FD-BCDA-B9239F9DAA28}"
EndProject
Project("{FAE04EC0-301F-11D3-BF4B-00C04F79EFBC}") = "Repository.Common", "Repository.Common\Repository.Common.csproj", "{B3289CD3-4134-44A1-A53F-27CD57823B97}"
EndProject
Project("{FAE04EC0-301F-11D3-BF4B-00C04F79EFBC}") = "DAL", "DAL\DAL.csproj", "{B5D37417-3112-4C83-AF1A-F7E98A93E832}"
EndProject
Global
	GlobalSection(SolutionConfigurationPlatforms) = preSolution
		Debug|Any CPU = Debug|Any CPU
		Release|Any CPU = Release|Any CPU
	EndGlobalSection
	GlobalSection(ProjectConfigurationPlatforms) = postSolution
		{2CAA3C90-A236-4F5F-BB1C-6EC98580571C}.Debug|Any CPU.ActiveCfg = Debug|Any CPU
		{2CAA3C90-A236-4F5F-BB1C-6EC98580571C}.Debug|Any CPU.Build.0 = Debug|Any CPU
		{2CAA3C90-A236-4F5F-BB1C-6EC98580571C}.Release|Any CPU.ActiveCfg = Release|Any CPU
		{2CAA3C90-A236-4F5F-BB1C-6EC98580571C}.Release|Any CPU.Build.0 = Release|Any CPU
		{318A3566-2B58-403E-BECC-390754408DCD}.Debug|Any CPU.ActiveCfg = Debug|Any CPU
		{318A3566-2B58-403E-BECC-390754408DCD}.Debug|Any CPU.Build.0 = Debug|Any CPU
		{318A3566-2B58-403E-BECC-390754408DCD}.Release|Any CPU.ActiveCfg = Release|Any CPU
		{318A3566-2B58-403E-BECC-390754408DCD}.Release|Any CPU.Build.0 = Release|Any CPU
		{FEF7D278-EF41-4333-8250-EB959B44D3EB}.Debug|Any CPU.ActiveCfg = Debug|Any CPU
		{FEF7D278-EF41-4333-8250-EB959B44D3EB}.Debug|Any CPU.Build.0 = Debug|Any CPU
		{FEF7D278-EF41-4333-8250-EB959B44D3EB}.Release|Any CPU.ActiveCfg = Release|Any CPU
		{FEF7D278-EF41-4333-8250-EB959B44D3EB}.Release|Any CPU.Build.0 = Release|Any CPU
		{952D7333-7468-4E35-96A1-9FB638AD58B1}.Debug|Any CPU.ActiveCfg = Debug|Any CPU
		{952D7333-7468-4E35-96A1-9FB638AD58B1}.Debug|Any CPU.Build.0 = Debug|Any CPU
		{952D7333-7468-4E35-96A1-9FB638AD58B1}.Release|Any CPU.ActiveCfg = Release|Any CPU
		{952D7333-7468-4E35-96A1-9FB638AD58B1}.Release|Any CPU.Build.0 = Release|Any CPU
		{7D614BA1-DDCE-42D5-BAAF-92F139BEF82D}.Debug|Any CPU.ActiveCfg = Debug|Any CPU
		{7D614BA1-DDCE-42D5-BAAF-92F139BEF82D}.Debug|Any CPU.Build.0 = Debug|Any CPU
		{7D614BA1-DDCE-42D5-BAAF-92F139BEF82D}.Release|Any CPU.ActiveCfg = Release|Any CPU
		{7D614BA1-DDCE-42D5-BAAF-92F139BEF82D}.Release|Any CPU.Build.0 = Release|Any CPU
		{30E0D0D3-AF38-44FD-BCDA-B9239F9DAA28}.Debug|Any CPU.ActiveCfg = Debug|Any CPU
		{30E0D0D3-AF38-44FD-BCDA-B9239F9DAA28}.Debug|Any CPU.Build.0 = Debug|Any CPU
		{30E0D0D3-AF38-44FD-BCDA-B9239F9DAA28}.Release|Any CPU.ActiveCfg = Release|Any CPU
		{30E0D0D3-AF38-44FD-BCDA-B9239F9DAA28}.Release|Any CPU.Build.0 = Release|Any CPU
		{B3289CD3-4134-44A1-A53F-27CD57823B97}.Debug|Any CPU.ActiveCfg = Debug|Any CPU
		{B3289CD3-4134-44A1-A53F-27CD57823B97}.Debug|Any CPU.Build.0 = Debug|Any CPU
		{B3289CD3-4134-44A1-A53F-27CD57823B97}.Release|Any CPU.ActiveCfg = Release|Any CPU
		{B3289CD3-4134-44A1-A53F-27CD57823B97}.Release|Any CPU.Build.0 = Release|Any CPU
		{B5D37417-3112-4C83-AF1A-F7E98A93E832}.Debug|Any CPU.ActiveCfg = Debug|Any CPU
		{B5D37417-3112-4C83-AF1A-F7E98A93E832}.Debug|Any CPU.Build.0 = Debug|Any CPU
		{B5D37417-3112-4C83-AF1A-F7E98A93E832}.Release|Any CPU.ActiveCfg = Release|Any CPU
		{B5D37417-3112-4C83-AF1A-F7E98A93E832}.Release|Any CPU.Build.0 = Release|Any CPU
	EndGlobalSection
	GlobalSection(SolutionProperties) = preSolution
		HideSolutionNode = FALSE
	EndGlobalSection
	GlobalSection(ExtensibilityGlobals) = postSolution
		SolutionGuid = {63E08266-F430-449E-99F7-78DB147BDFF0}
	EndGlobalSection
EndGlobal
